
Microsoft Visual Studio Solution File, Format Version 12.00
# Visual Studio Version 16
VisualStudioVersion = 16.0.28922.388
MinimumVisualStudioVersion = 10.0.40219.1
Project("{9A19103F-16F7-4668-BE54-9A1E7A4F7556}") = "ProAgil.API", "ProAgil.API\ProAgil.API.csproj", "{7A98038C-BD1D-4CB9-BC63-037D5DF2CCD3}"
EndProject
Project("{E24C65DC-7377-472B-9ABA-BC803B73C61A}") = "ProAgilAngular", "ProAgilAngular\", "{FD0FD724-057B-47C0-95CC-B33ECC5FFD26}"
	ProjectSection(WebsiteProperties) = preProject
		TargetFrameworkMoniker = ".NETFramework,Version%3Dv4.0"
		Debug.AspNetCompiler.VirtualPath = "/localhost_5565"
		Debug.AspNetCompiler.PhysicalPath = "ProAgilAngular\"
		Debug.AspNetCompiler.TargetPath = "PrecompiledWeb\localhost_5565\"
		Debug.AspNetCompiler.Updateable = "true"
		Debug.AspNetCompiler.ForceOverwrite = "true"
		Debug.AspNetCompiler.FixedNames = "false"
		Debug.AspNetCompiler.Debug = "True"
		Release.AspNetCompiler.VirtualPath = "/localhost_5565"
		Release.AspNetCompiler.PhysicalPath = "ProAgilAngular\"
		Release.AspNetCompiler.TargetPath = "PrecompiledWeb\localhost_5565\"
		Release.AspNetCompiler.Updateable = "true"
		Release.AspNetCompiler.ForceOverwrite = "true"
		Release.AspNetCompiler.FixedNames = "false"
		Release.AspNetCompiler.Debug = "False"
		VWDPort = "5565"
		SlnRelativePath = "ProAgilAngular\"
	EndProjectSection
EndProject
Project("{FAE04EC0-301F-11D3-BF4B-00C04F79EFBC}") = "ProAgil.Domain", "ProAgil.Domain\ProAgil.Domain.csproj", "{00C65787-1214-4000-A2EB-4D34595273CA}"
EndProject
Project("{FAE04EC0-301F-11D3-BF4B-00C04F79EFBC}") = "ProAgil.Repository", "ProAgil.Repository\ProAgil.Repository.csproj", "{6C6451FA-BC5C-484C-A2B5-BF154766EF7A}"
EndProject
Global
	GlobalSection(SolutionConfigurationPlatforms) = preSolution
		Debug|Any CPU = Debug|Any CPU
		Release|Any CPU = Release|Any CPU
	EndGlobalSection
	GlobalSection(ProjectConfigurationPlatforms) = postSolution
		{7A98038C-BD1D-4CB9-BC63-037D5DF2CCD3}.Debug|Any CPU.ActiveCfg = Debug|Any CPU
		{7A98038C-BD1D-4CB9-BC63-037D5DF2CCD3}.Debug|Any CPU.Build.0 = Debug|Any CPU
		{7A98038C-BD1D-4CB9-BC63-037D5DF2CCD3}.Release|Any CPU.ActiveCfg = Release|Any CPU
		{7A98038C-BD1D-4CB9-BC63-037D5DF2CCD3}.Release|Any CPU.Build.0 = Release|Any CPU
		{FD0FD724-057B-47C0-95CC-B33ECC5FFD26}.Debug|Any CPU.ActiveCfg = Debug|Any CPU
		{FD0FD724-057B-47C0-95CC-B33ECC5FFD26}.Debug|Any CPU.Build.0 = Debug|Any CPU
		{FD0FD724-057B-47C0-95CC-B33ECC5FFD26}.Release|Any CPU.ActiveCfg = Debug|Any CPU
		{FD0FD724-057B-47C0-95CC-B33ECC5FFD26}.Release|Any CPU.Build.0 = Debug|Any CPU
		{00C65787-1214-4000-A2EB-4D34595273CA}.Debug|Any CPU.ActiveCfg = Debug|Any CPU
		{00C65787-1214-4000-A2EB-4D34595273CA}.Debug|Any CPU.Build.0 = Debug|Any CPU
		{00C65787-1214-4000-A2EB-4D34595273CA}.Release|Any CPU.ActiveCfg = Release|Any CPU
		{00C65787-1214-4000-A2EB-4D34595273CA}.Release|Any CPU.Build.0 = Release|Any CPU
		{6C6451FA-BC5C-484C-A2B5-BF154766EF7A}.Debug|Any CPU.ActiveCfg = Debug|Any CPU
		{6C6451FA-BC5C-484C-A2B5-BF154766EF7A}.Debug|Any CPU.Build.0 = Debug|Any CPU
		{6C6451FA-BC5C-484C-A2B5-BF154766EF7A}.Release|Any CPU.ActiveCfg = Release|Any CPU
		{6C6451FA-BC5C-484C-A2B5-BF154766EF7A}.Release|Any CPU.Build.0 = Release|Any CPU
	EndGlobalSection
	GlobalSection(SolutionProperties) = preSolution
		HideSolutionNode = FALSE
	EndGlobalSection
	GlobalSection(ExtensibilityGlobals) = postSolution
		SolutionGuid = {2AA6CEAB-8B2C-4D2A-95FE-A3149C9C0451}
	EndGlobalSection
EndGlobal
